
Microsoft Visual Studio Solution File, Format Version 12.00
# Visual Studio Version 17
VisualStudioVersion = 17.7.34202.233
MinimumVisualStudioVersion = 10.0.40219.1
Project("{FAE04EC0-301F-11D3-BF4B-00C04F79EFBC}") = "DemoThiWeb", "DemoThiWeb.csproj", "{7CF6D1F4-9DB8-4369-828A-30625566EF8D}"
EndProject
Global
	GlobalSection(SolutionConfigurationPlatforms) = preSolution
		Debug|Any CPU = Debug|Any CPU
		Release|Any CPU = Release|Any CPU
	EndGlobalSection
	GlobalSection(ProjectConfigurationPlatforms) = postSolution
		{7CF6D1F4-9DB8-4369-828A-30625566EF8D}.Debug|Any CPU.ActiveCfg = Debug|Any CPU
		{7CF6D1F4-9DB8-4369-828A-30625566EF8D}.Debug|Any CPU.Build.0 = Debug|Any CPU
		{7CF6D1F4-9DB8-4369-828A-30625566EF8D}.Release|Any CPU.ActiveCfg = Release|Any CPU
		{7CF6D1F4-9DB8-4369-828A-30625566EF8D}.Release|Any CPU.Build.0 = Release|Any CPU
	EndGlobalSection
	GlobalSection(SolutionProperties) = preSolution
		HideSolutionNode = FALSE
	EndGlobalSection
	GlobalSection(ExtensibilityGlobals) = postSolution
		SolutionGuid = {63C88ACF-88CF-4EC6-94BF-DC4111F977BF}
	EndGlobalSection
EndGlobal
